// !$*UTF8*$!
{
	archiveVersion = 1;
	classes = {
	};
	objectVersion = 50;
	objects = {

/* Begin PBXBuildFile section */
		6D105B86261327B000E581F0 /* I_want_PIZZA_App.swift in Sources */ = {isa = PBXBuildFile; fileRef = 6D105B85261327B000E581F0 /* I_want_PIZZA_App.swift */; };
		6D105B88261327B000E581F0 /* orders.swift in Sources */ = {isa = PBXBuildFile; fileRef = 6D105B87261327B000E581F0 /* orders.swift */; };
		6D105B8A261327B700E581F0 /* Assets.xcassets in Resources */ = {isa = PBXBuildFile; fileRef = 6D105B89261327B700E581F0 /* Assets.xcassets */; };
		6D105B8D261327B700E581F0 /* Preview Assets.xcassets in Resources */ = {isa = PBXBuildFile; fileRef = 6D105B8C261327B700E581F0 /* Preview Assets.xcassets */; };
		6D105B972613287500E581F0 /* pizza.swift in Sources */ = {isa = PBXBuildFile; fileRef = 6D105B962613287500E581F0 /* pizza.swift */; };
		6D105B9C26132AC200E581F0 /* pizzaMock.swift in Sources */ = {isa = PBXBuildFile; fileRef = 6D105B9B26132AC200E581F0 /* pizzaMock.swift */; };
		6D105BA32613313E00E581F0 /* ordersViewModel.swift in Sources */ = {isa = PBXBuildFile; fileRef = 6D105BA22613313E00E581F0 /* ordersViewModel.swift */; };
		6D105BA72613323300E581F0 /* OrdersVault.swift in Sources */ = {isa = PBXBuildFile; fileRef = 6D105BA62613323300E581F0 /* OrdersVault.swift */; };
		6D105BAA261335AC00E581F0 /* OrderForm.swift in Sources */ = {isa = PBXBuildFile; fileRef = 6D105BA9261335AC00E581F0 /* OrderForm.swift */; };
/* End PBXBuildFile section */

/* Begin PBXFileReference section */
		6D105B82261327B000E581F0 /* I want PIZZA!.app */ = {isa = PBXFileReference; explicitFileType = wrapper.application; includeInIndex = 0; path = "I want PIZZA!.app"; sourceTree = BUILT_PRODUCTS_DIR; };
		6D105B85261327B000E581F0 /* I_want_PIZZA_App.swift */ = {isa = PBXFileReference; lastKnownFileType = sourcecode.swift; path = I_want_PIZZA_App.swift; sourceTree = "<group>"; };
		6D105B87261327B000E581F0 /* orders.swift */ = {isa = PBXFileReference; lastKnownFileType = sourcecode.swift; path = orders.swift; sourceTree = "<group>"; };
		6D105B89261327B700E581F0 /* Assets.xcassets */ = {isa = PBXFileReference; lastKnownFileType = folder.assetcatalog; path = Assets.xcassets; sourceTree = "<group>"; };
		6D105B8C261327B700E581F0 /* Preview Assets.xcassets */ = {isa = PBXFileReference; lastKnownFileType = folder.assetcatalog; path = "Preview Assets.xcassets"; sourceTree = "<group>"; };
		6D105B8E261327B700E581F0 /* Info.plist */ = {isa = PBXFileReference; lastKnownFileType = text.plist.xml; path = Info.plist; sourceTree = "<group>"; };
		6D105B962613287500E581F0 /* pizza.swift */ = {isa = PBXFileReference; lastKnownFileType = sourcecode.swift; path = pizza.swift; sourceTree = "<group>"; };
		6D105B9B26132AC200E581F0 /* pizzaMock.swift */ = {isa = PBXFileReference; lastKnownFileType = sourcecode.swift; path = pizzaMock.swift; sourceTree = "<group>"; };
		6D105BA22613313E00E581F0 /* ordersViewModel.swift */ = {isa = PBXFileReference; lastKnownFileType = sourcecode.swift; path = ordersViewModel.swift; sourceTree = "<group>"; };
		6D105BA62613323300E581F0 /* OrdersVault.swift */ = {isa = PBXFileReference; lastKnownFileType = sourcecode.swift; path = OrdersVault.swift; sourceTree = "<group>"; };
		6D105BA9261335AC00E581F0 /* OrderForm.swift */ = {isa = PBXFileReference; lastKnownFileType = sourcecode.swift; path = OrderForm.swift; sourceTree = "<group>"; };
/* End PBXFileReference section */

/* Begin PBXFrameworksBuildPhase section */
		6D105B7F261327B000E581F0 /* Frameworks */ = {
			isa = PBXFrameworksBuildPhase;
			buildActionMask = 2147483647;
			files = (
			);
			runOnlyForDeploymentPostprocessing = 0;
		};
/* End PBXFrameworksBuildPhase section */

/* Begin PBXGroup section */
		6D105B79261327B000E581F0 = {
			isa = PBXGroup;
			children = (
				6D105B84261327B000E581F0 /* I want PIZZA! */,
				6D105B83261327B000E581F0 /* Products */,
			);
			sourceTree = "<group>";
		};
		6D105B83261327B000E581F0 /* Products */ = {
			isa = PBXGroup;
			children = (
				6D105B82261327B000E581F0 /* I want PIZZA!.app */,
			);
			name = Products;
			sourceTree = "<group>";
		};
		6D105B84261327B000E581F0 /* I want PIZZA! */ = {
			isa = PBXGroup;
			children = (
				6D105BA12613310600E581F0 /* viewModel */,
				6D105B9A26132A8E00E581F0 /* view */,
				6D105B952613283800E581F0 /* model */,
				6D105B85261327B000E581F0 /* I_want_PIZZA_App.swift */,
				6D105B89261327B700E581F0 /* Assets.xcassets */,
				6D105B8E261327B700E581F0 /* Info.plist */,
				6D105B8B261327B700E581F0 /* Preview Content */,
			);
			path = "I want PIZZA!";
			sourceTree = "<group>";
		};
		6D105B8B261327B700E581F0 /* Preview Content */ = {
			isa = PBXGroup;
			children = (
				6D105B8C261327B700E581F0 /* Preview Assets.xcassets */,
			);
			path = "Preview Content";
			sourceTree = "<group>";
		};
		6D105B952613283800E581F0 /* model */ = {
			isa = PBXGroup;
			children = (
				6D105B962613287500E581F0 /* pizza.swift */,
				6D105B9B26132AC200E581F0 /* pizzaMock.swift */,
				6D105BA62613323300E581F0 /* OrdersVault.swift */,
			);
			path = model;
			sourceTree = "<group>";
		};
		6D105B9A26132A8E00E581F0 /* view */ = {
			isa = PBXGroup;
			children = (
				6D105B87261327B000E581F0 /* orders.swift */,
				6D105BA9261335AC00E581F0 /* OrderForm.swift */,
			);
			path = view;
			sourceTree = "<group>";
		};
		6D105BA12613310600E581F0 /* viewModel */ = {
			isa = PBXGroup;
			children = (
				6D105BA22613313E00E581F0 /* ordersViewModel.swift */,
			);
			path = viewModel;
			sourceTree = "<group>";
		};
/* End PBXGroup section */

/* Begin PBXNativeTarget section */
		6D105B81261327B000E581F0 /* I want PIZZA! */ = {
			isa = PBXNativeTarget;
			buildConfigurationList = 6D105B91261327B700E581F0 /* Build configuration list for PBXNativeTarget "I want PIZZA!" */;
			buildPhases = (
				6D105B7E261327B000E581F0 /* Sources */,
				6D105B7F261327B000E581F0 /* Frameworks */,
				6D105B80261327B000E581F0 /* Resources */,
			);
			buildRules = (
			);
			dependencies = (
			);
			name = "I want PIZZA!";
			productName = "I want PIZZA!";
			productReference = 6D105B82261327B000E581F0 /* I want PIZZA!.app */;
			productType = "com.apple.product-type.application";
		};
/* End PBXNativeTarget section */

/* Begin PBXProject section */
		6D105B7A261327B000E581F0 /* Project object */ = {
			isa = PBXProject;
			attributes = {
				LastSwiftUpdateCheck = 1210;
				LastUpgradeCheck = 1210;
				TargetAttributes = {
					6D105B81261327B000E581F0 = {
						CreatedOnToolsVersion = 12.1;
					};
				};
			};
			buildConfigurationList = 6D105B7D261327B000E581F0 /* Build configuration list for PBXProject "I want PIZZA!" */;
			compatibilityVersion = "Xcode 9.3";
			developmentRegion = en;
			hasScannedForEncodings = 0;
			knownRegions = (
				en,
				Base,
			);
			mainGroup = 6D105B79261327B000E581F0;
			productRefGroup = 6D105B83261327B000E581F0 /* Products */;
			projectDirPath = "";
			projectRoot = "";
			targets = (
				6D105B81261327B000E581F0 /* I want PIZZA! */,
			);
		};
/* End PBXProject section */

/* Begin PBXResourcesBuildPhase section */
		6D105B80261327B000E581F0 /* Resources */ = {
			isa = PBXResourcesBuildPhase;
			buildActionMask = 2147483647;
			files = (
				6D105B8D261327B700E581F0 /* Preview Assets.xcassets in Resources */,
				6D105B8A261327B700E581F0 /* Assets.xcassets in Resources */,
			);
			runOnlyForDeploymentPostprocessing = 0;
		};
/* End PBXResourcesBuildPhase section */

/* Begin PBXSourcesBuildPhase section */
		6D105B7E261327B000E581F0 /* Sources */ = {
			isa = PBXSourcesBuildPhase;
			buildActionMask = 2147483647;
			files = (
				6D105B972613287500E581F0 /* pizza.swift in Sources */,
				6D105BA32613313E00E581F0 /* ordersViewModel.swift in Sources */,
				6D105B88261327B000E581F0 /* orders.swift in Sources */,
				6D105BA72613323300E581F0 /* OrdersVault.swift in Sources */,
				6D105B9C26132AC200E581F0 /* pizzaMock.swift in Sources */,
				6D105BAA261335AC00E581F0 /* OrderForm.swift in Sources */,
				6D105B86261327B000E581F0 /* I_want_PIZZA_App.swift in Sources */,
			);
			runOnlyForDeploymentPostprocessing = 0;
		};
/* End PBXSourcesBuildPhase section */

/* Begin XCBuildConfiguration section */
		6D105B8F261327B700E581F0 /* Debug */ = {
			isa = XCBuildConfiguration;
			buildSettings = {
				ALWAYS_SEARCH_USER_PATHS = NO;
				CLANG_ANALYZER_NONNULL = YES;
				CLANG_ANALYZER_NUMBER_OBJECT_CONVERSION = YES_AGGRESSIVE;
				CLANG_CXX_LANGUAGE_STANDARD = "gnu++14";
				CLANG_CXX_LIBRARY = "libc++";
				CLANG_ENABLE_MODULES = YES;
				CLANG_ENABLE_OBJC_ARC = YES;
				CLANG_ENABLE_OBJC_WEAK = YES;
				CLANG_WARN_BLOCK_CAPTURE_AUTORELEASING = YES;
				CLANG_WARN_BOOL_CONVERSION = YES;
				CLANG_WARN_COMMA = YES;
				CLANG_WARN_CONSTANT_CONVERSION = YES;
				CLANG_WARN_DEPRECATED_OBJC_IMPLEMENTATIONS = YES;
				CLANG_WARN_DIRECT_OBJC_ISA_USAGE = YES_ERROR;
				CLANG_WARN_DOCUMENTATION_COMMENTS = YES;
				CLANG_WARN_EMPTY_BODY = YES;
				CLANG_WARN_ENUM_CONVERSION = YES;
				CLANG_WARN_INFINITE_RECURSION = YES;
				CLANG_WARN_INT_CONVERSION = YES;
				CLANG_WARN_NON_LITERAL_NULL_CONVERSION = YES;
				CLANG_WARN_OBJC_IMPLICIT_RETAIN_SELF = YES;
				CLANG_WARN_OBJC_LITERAL_CONVERSION = YES;
				CLANG_WARN_OBJC_ROOT_CLASS = YES_ERROR;
				CLANG_WARN_QUOTED_INCLUDE_IN_FRAMEWORK_HEADER = YES;
				CLANG_WARN_RANGE_LOOP_ANALYSIS = YES;
				CLANG_WARN_STRICT_PROTOTYPES = YES;
				CLANG_WARN_SUSPICIOUS_MOVE = YES;
				CLANG_WARN_UNGUARDED_AVAILABILITY = YES_AGGRESSIVE;
				CLANG_WARN_UNREACHABLE_CODE = YES;
				CLANG_WARN__DUPLICATE_METHOD_MATCH = YES;
				COPY_PHASE_STRIP = NO;
				DEBUG_INFORMATION_FORMAT = dwarf;
				ENABLE_STRICT_OBJC_MSGSEND = YES;
				ENABLE_TESTABILITY = YES;
				GCC_C_LANGUAGE_STANDARD = gnu11;
				GCC_DYNAMIC_NO_PIC = NO;
				GCC_NO_COMMON_BLOCKS = YES;
				GCC_OPTIMIZATION_LEVEL = 0;
				GCC_PREPROCESSOR_DEFINITIONS = (
					"DEBUG=1",
					"$(inherited)",
				);
				GCC_WARN_64_TO_32_BIT_CONVERSION = YES;
				GCC_WARN_ABOUT_RETURN_TYPE = YES_ERROR;
				GCC_WARN_UNDECLARED_SELECTOR = YES;
				GCC_WARN_UNINITIALIZED_AUTOS = YES_AGGRESSIVE;
				GCC_WARN_UNUSED_FUNCTION = YES;
				GCC_WARN_UNUSED_VARIABLE = YES;
				IPHONEOS_DEPLOYMENT_TARGET = 14.1;
				MTL_ENABLE_DEBUG_INFO = INCLUDE_SOURCE;
				MTL_FAST_MATH = YES;
				ONLY_ACTIVE_ARCH = YES;
				SDKROOT = iphoneos;
				SWIFT_ACTIVE_COMPILATION_CONDITIONS = DEBUG;
				SWIFT_OPTIMIZATION_LEVEL = "-Onone";
			};
			name = Debug;
		};
		6D105B90261327B700E581F0 /* Release */ = {
			isa = XCBuildConfiguration;
			buildSettings = {
				ALWAYS_SEARCH_USER_PATHS = NO;
				CLANG_ANALYZER_NONNULL = YES;
				CLANG_ANALYZER_NUMBER_OBJECT_CONVERSION = YES_AGGRESSIVE;
				CLANG_CXX_LANGUAGE_STANDARD = "gnu++14";
				CLANG_CXX_LIBRARY = "libc++";
				CLANG_ENABLE_MODULES = YES;
				CLANG_ENABLE_OBJC_ARC = YES;
				CLANG_ENABLE_OBJC_WEAK = YES;
				CLANG_WARN_BLOCK_CAPTURE_AUTORELEASING = YES;
				CLANG_WARN_BOOL_CONVERSION = YES;
				CLANG_WARN_COMMA = YES;
				CLANG_WARN_CONSTANT_CONVERSION = YES;
				CLANG_WARN_DEPRECATED_OBJC_IMPLEMENTATIONS = YES;
				CLANG_WARN_DIRECT_OBJC_ISA_USAGE = YES_ERROR;
				CLANG_WARN_DOCUMENTATION_COMMENTS = YES;
				CLANG_WARN_EMPTY_BODY = YES;
				CLANG_WARN_ENUM_CONVERSION = YES;
				CLANG_WARN_INFINITE_RECURSION = YES;
				CLANG_WARN_INT_CONVERSION = YES;
				CLANG_WARN_NON_LITERAL_NULL_CONVERSION = YES;
				CLANG_WARN_OBJC_IMPLICIT_RETAIN_SELF = YES;
				CLANG_WARN_OBJC_LITERAL_CONVERSION = YES;
				CLANG_WARN_OBJC_ROOT_CLASS = YES_ERROR;
				CLANG_WARN_QUOTED_INCLUDE_IN_FRAMEWORK_HEADER = YES;
				CLANG_WARN_RANGE_LOOP_ANALYSIS = YES;
				CLANG_WARN_STRICT_PROTOTYPES = YES;
				CLANG_WARN_SUSPICIOUS_MOVE = YES;
				CLANG_WARN_UNGUARDED_AVAILABILITY = YES_AGGRESSIVE;
				CLANG_WARN_UNREACHABLE_CODE = YES;
				CLANG_WARN__DUPLICATE_METHOD_MATCH = YES;
				COPY_PHASE_STRIP = NO;
				DEBUG_INFORMATION_FORMAT = "dwarf-with-dsym";
				ENABLE_NS_ASSERTIONS = NO;
				ENABLE_STRICT_OBJC_MSGSEND = YES;
				GCC_C_LANGUAGE_STANDARD = gnu11;
				GCC_NO_COMMON_BLOCKS = YES;
				GCC_WARN_64_TO_32_BIT_CONVERSION = YES;
				GCC_WARN_ABOUT_RETURN_TYPE = YES_ERROR;
				GCC_WARN_UNDECLARED_SELECTOR = YES;
				GCC_WARN_UNINITIALIZED_AUTOS = YES_AGGRESSIVE;
				GCC_WARN_UNUSED_FUNCTION = YES;
				GCC_WARN_UNUSED_VARIABLE = YES;
				IPHONEOS_DEPLOYMENT_TARGET = 14.1;
				MTL_ENABLE_DEBUG_INFO = NO;
				MTL_FAST_MATH = YES;
				SDKROOT = iphoneos;
				SWIFT_COMPILATION_MODE = wholemodule;
				SWIFT_OPTIMIZATION_LEVEL = "-O";
				VALIDATE_PRODUCT = YES;
			};
			name = Release;
		};
		6D105B92261327B700E581F0 /* Debug */ = {
			isa = XCBuildConfiguration;
			buildSettings = {
				ASSETCATALOG_COMPILER_APPICON_NAME = AppIcon;
				ASSETCATALOG_COMPILER_GLOBAL_ACCENT_COLOR_NAME = AccentColor;
				CODE_SIGN_STYLE = Automatic;
				DEVELOPMENT_ASSET_PATHS = "\"I want PIZZA!/Preview Content\"";
				ENABLE_PREVIEWS = YES;
				INFOPLIST_FILE = "I want PIZZA!/Info.plist";
				IPHONEOS_DEPLOYMENT_TARGET = 14.0;
				LD_RUNPATH_SEARCH_PATHS = (
					"$(inherited)",
					"@executable_path/Frameworks",
				);
				PRODUCT_BUNDLE_IDENTIFIER = "Popov-Vitaly.I-want-PIZZA-";
				PRODUCT_NAME = "$(TARGET_NAME)";
				SWIFT_VERSION = 5.0;
				TARGETED_DEVICE_FAMILY = "1,2";
			};
			name = Debug;
		};
		6D105B93261327B700E581F0 /* Release */ = {
			isa = XCBuildConfiguration;
			buildSettings = {
				ASSETCATALOG_COMPILER_APPICON_NAME = AppIcon;
				ASSETCATALOG_COMPILER_GLOBAL_ACCENT_COLOR_NAME = AccentColor;
				CODE_SIGN_STYLE = Automatic;
				DEVELOPMENT_ASSET_PATHS = "\"I want PIZZA!/Preview Content\"";
				ENABLE_PREVIEWS = YES;
				INFOPLIST_FILE = "I want PIZZA!/Info.plist";
				IPHONEOS_DEPLOYMENT_TARGET = 14.0;
				LD_RUNPATH_SEARCH_PATHS = (
					"$(inherited)",
					"@executable_path/Frameworks",
				);
				PRODUCT_BUNDLE_IDENTIFIER = "Popov-Vitaly.I-want-PIZZA-";
				PRODUCT_NAME = "$(TARGET_NAME)";
				SWIFT_VERSION = 5.0;
				TARGETED_DEVICE_FAMILY = "1,2";
			};
			name = Release;
		};
/* End XCBuildConfiguration section */

/* Begin XCConfigurationList section */
		6D105B7D261327B000E581F0 /* Build configuration list for PBXProject "I want PIZZA!" */ = {
			isa = XCConfigurationList;
			buildConfigurations = (
				6D105B8F261327B700E581F0 /* Debug */,
				6D105B90261327B700E581F0 /* Release */,
			);
			defaultConfigurationIsVisible = 0;
			defaultConfigurationName = Release;
		};
		6D105B91261327B700E581F0 /* Build configuration list for PBXNativeTarget "I want PIZZA!" */ = {
			isa = XCConfigurationList;
			buildConfigurations = (
				6D105B92261327B700E581F0 /* Debug */,
				6D105B93261327B700E581F0 /* Release */,
			);
			defaultConfigurationIsVisible = 0;
			defaultConfigurationName = Release;
		};
/* End XCConfigurationList section */
	};
	rootObject = 6D105B7A261327B000E581F0 /* Project object */;
}
